
Microsoft Visual Studio Solution File, Format Version 12.00
# Visual Studio 15
VisualStudioVersion = 15.0.28307.1500
MinimumVisualStudioVersion = 10.0.40219.1
Project("{FAE04EC0-301F-11D3-BF4B-00C04F79EFBC}") = "App002", "App002\App002.csproj", "{85AEB3CE-6E57-420B-B84D-D6CCE27E77D2}"
EndProject
Global
	GlobalSection(SolutionConfigurationPlatforms) = preSolution
		Debug|Any CPU = Debug|Any CPU
		Release|Any CPU = Release|Any CPU
	EndGlobalSection
	GlobalSection(ProjectConfigurationPlatforms) = postSolution
		{85AEB3CE-6E57-420B-B84D-D6CCE27E77D2}.Debug|Any CPU.ActiveCfg = Debug|Any CPU
		{85AEB3CE-6E57-420B-B84D-D6CCE27E77D2}.Debug|Any CPU.Build.0 = Debug|Any CPU
		{85AEB3CE-6E57-420B-B84D-D6CCE27E77D2}.Release|Any CPU.ActiveCfg = Release|Any CPU
		{85AEB3CE-6E57-420B-B84D-D6CCE27E77D2}.Release|Any CPU.Build.0 = Release|Any CPU
	EndGlobalSection
	GlobalSection(SolutionProperties) = preSolution
		HideSolutionNode = FALSE
	EndGlobalSection
	GlobalSection(ExtensibilityGlobals) = postSolution
		SolutionGuid = {FCD12400-E9A5-4410-9B5F-BEA7A6540AD5}
	EndGlobalSection
EndGlobal
